
Microsoft Visual Studio Solution File, Format Version 12.00
# Visual Studio Version 16
VisualStudioVersion = 16.0.31129.286
MinimumVisualStudioVersion = 10.0.40219.1
Project("{FAE04EC0-301F-11D3-BF4B-00C04F79EFBC}") = "SnazzyWpfBorders", "SnazzyWpfBorders\SnazzyWpfBorders.csproj", "{97EDB442-6654-4758-AEDB-8D60921862AB}"
EndProject
Global
	GlobalSection(SolutionConfigurationPlatforms) = preSolution
		Debug|Any CPU = Debug|Any CPU
		Release|Any CPU = Release|Any CPU
	EndGlobalSection
	GlobalSection(ProjectConfigurationPlatforms) = postSolution
		{97EDB442-6654-4758-AEDB-8D60921862AB}.Debug|Any CPU.ActiveCfg = Debug|Any CPU
		{97EDB442-6654-4758-AEDB-8D60921862AB}.Debug|Any CPU.Build.0 = Debug|Any CPU
		{97EDB442-6654-4758-AEDB-8D60921862AB}.Release|Any CPU.ActiveCfg = Release|Any CPU
		{97EDB442-6654-4758-AEDB-8D60921862AB}.Release|Any CPU.Build.0 = Release|Any CPU
	EndGlobalSection
	GlobalSection(SolutionProperties) = preSolution
		HideSolutionNode = FALSE
	EndGlobalSection
	GlobalSection(ExtensibilityGlobals) = postSolution
		SolutionGuid = {4392D1E1-F806-49CF-9079-34F9EDBA1767}
	EndGlobalSection
EndGlobal
